{
  "version": 4,
  "terraform_version": "1.5.7",
  "serial": 10,
  "lineage": "fe96837f-2fe7-ca0b-f57f-bc3e2e524dd0",
  "outputs": {
    "api_gateway_url": {
      "value": "https://7y4i2e9b9c.execute-api.us-east-1.amazonaws.com/prod",
      "type": "string"
    },
    "dynamodb_table_name": {
      "value": "tasks",
      "type": "string"
    },
    "lambda_role_arn": {
      "value": "arn:aws:iam::807588263547:role/serverless-task-lambda-role",
      "type": "string"
    }
  },
  "resources": [
    {
      "mode": "data",
      "type": "archive_file",
      "name": "create_task",
      "provider": "provider[\"registry.terraform.io/hashicorp/archive\"]",
      "instances": [
        {
          "schema_version": 0,
          "attributes": {
            "exclude_symlink_directories": null,
            "excludes": null,
            "id": "bc7aa5b238ab6f488f94d292250b0957c3879be0",
            "output_base64sha256": "7XgOeWDhKgENYug6818YU+y4CoMlybtxqnN8ajXAxis=",
            "output_base64sha512": "yXqMLchsVokOu6VKbVYbvhmtYMGaWGHJun5cHM9F/L4EZ8vE80GVCOb9V/57B+1dZw7/r3ktuYK4KlgxRw2yVA==",
            "output_file_mode": null,
            "output_md5": "6cca678b1584a57d9df68f5ae013c48f",
            "output_path": "./../lambdas/create_task/lambda_function.zip",
            "output_sha": "bc7aa5b238ab6f488f94d292250b0957c3879be0",
            "output_sha256": "ed780e7960e12a010d62e83af35f1853ecb80a8325c9bb71aa737c6a35c0c62b",
            "output_sha512": "c97a8c2dc86c56890ebba54a6d561bbe19ad60c19a5861c9ba7e5c1ccf45fcbe0467cbc4f3419508e6fd57fe7b07ed5d670effaf792db982b82a5831470db254",
            "output_size": 508,
            "source": [],
            "source_content": null,
            "source_content_filename": null,
            "source_dir": null,
            "source_file": "./../lambdas/create_task/lambda_function.py",
            "type": "zip"
          },
          "sensitive_attributes": []
        }
      ]
    },
    {
      "mode": "data",
      "type": "archive_file",
      "name": "delete_task",
      "provider": "provider[\"registry.terraform.io/hashicorp/archive\"]",
      "instances": [
        {
          "schema_version": 0,
          "attributes": {
            "exclude_symlink_directories": null,
            "excludes": null,
            "id": "578798ee6ed94fa78676d7346ce5604abef66475",
            "output_base64sha256": "b0ySzUv2zUiOc6CyuBm2WSf0PbTyhWQ4ujTsMB+bAXw=",
            "output_base64sha512": "h8iIHKVQnCbo8eZxeJx6/jLBKN5BwUi/Nqn5da942n+we1afryOSexTaDmCrpFogS9Fh1uVTIlRqIqkdXlHoPw==",
            "output_file_mode": null,
            "output_md5": "9d01208f3bb2b43cbd290534cd347d4d",
            "output_path": "./../lambdas/delete_task/lambda_function.zip",
            "output_sha": "578798ee6ed94fa78676d7346ce5604abef66475",
            "output_sha256": "6f4c92cd4bf6cd488e73a0b2b819b65927f43db4f2856438ba34ec301f9b017c",
            "output_sha512": "87c8881ca5509c26e8f1e671789c7afe32c128de41c148bf36a9f975af78da7fb07b569faf23927b14da0e60aba45a204bd161d6e55322546a22a91d5e51e83f",
            "output_size": 424,
            "source": [],
            "source_content": null,
            "source_content_filename": null,
            "source_dir": null,
            "source_file": "./../lambdas/delete_task/lambda_function.py",
            "type": "zip"
          },
          "sensitive_attributes": []
        }
      ]
    },
    {
      "mode": "data",
      "type": "archive_file",
      "name": "get_tasks",
      "provider": "provider[\"registry.terraform.io/hashicorp/archive\"]",
      "instances": [
        {
          "schema_version": 0,
          "attributes": {
            "exclude_symlink_directories": null,
            "excludes": null,
            "id": "047e751c08d4a065b99d564bf4afb5f7193c9f30",
            "output_base64sha256": "WXz7C3599Uei0tSaXseCN5UYAnA2XdkAMSC6WV8fT9Q=",
            "output_base64sha512": "YyhhN6a3iOogwk9xUQWe34e1RVEXXFFCXYxzUBuitUNB9vh3Omhryobbq89slu88vVp+p8y7Ckl/ipJeZv3BjQ==",
            "output_file_mode": null,
            "output_md5": "26d7c48e65cd0b3050074eabdb99752e",
            "output_path": "./../lambdas/get_tasks/lambda_function.zip",
            "output_sha": "047e751c08d4a065b99d564bf4afb5f7193c9f30",
            "output_sha256": "597cfb0b7e7df547a2d2d49a5ec7823795180270365dd9003120ba595f1f4fd4",
            "output_sha512": "63286137a6b788ea20c24f7151059edf87b54551175c51425d8c73501ba2b54341f6f8773a686bca86dbabcf6c96ef3cbd5a7ea7ccbb0a497f8a925e66fdc18d",
            "output_size": 372,
            "source": [],
            "source_content": null,
            "source_content_filename": null,
            "source_dir": null,
            "source_file": "./../lambdas/get_tasks/lambda_function.py",
            "type": "zip"
          },
          "sensitive_attributes": []
        }
      ]
    },
    {
      "mode": "data",
      "type": "archive_file",
      "name": "update_task",
      "provider": "provider[\"registry.terraform.io/hashicorp/archive\"]",
      "instances": [
        {
          "schema_version": 0,
          "attributes": {
            "exclude_symlink_directories": null,
            "excludes": null,
            "id": "abd67635aa97092fc9392d1e3dabe7471a12ccfb",
            "output_base64sha256": "v8ybq0p7wsSu7vU6DOzZeIAMs4CTprCmU19KYU0VZCg=",
            "output_base64sha512": "DueE3AuEWnMEoYEkhD3Xld4Wj5NpGijhTvxlqf6AddRGcXGMUV5YjyJ3Hr6nLcEDSSiIXO4J3SoL5f2Y6hVTgA==",
            "output_file_mode": null,
            "output_md5": "7affb2a67aee0f522a396308e18027da",
            "output_path": "./../lambdas/update_task/lambda_function.zip",
            "output_sha": "abd67635aa97092fc9392d1e3dabe7471a12ccfb",
            "output_sha256": "bfcc9bab4a7bc2c4aeeef53a0cecd978800cb38093a6b0a6535f4a614d156428",
            "output_sha512": "0ee784dc0b845a7304a18124843dd795de168f93691a28e14efc65a9fe8075d44671718c515e588f22771ebea72dc1034928885cee09dd2a0be5fd98ea155380",
            "output_size": 579,
            "source": [],
            "source_content": null,
            "source_content_filename": null,
            "source_dir": null,
            "source_file": "./../lambdas/update_task/lambda_function.py",
            "type": "zip"
          },
          "sensitive_attributes": []
        }
      ]
    },
    {
      "mode": "managed",
      "type": "aws_api_gateway_rest_api",
      "name": "task_api",
      "provider": "provider[\"registry.terraform.io/hashicorp/aws\"]",
      "instances": [
        {
          "schema_version": 0,
          "attributes": {
            "api_key_source": "HEADER",
            "arn": "arn:aws:apigateway:us-east-1::/restapis/7y4i2e9b9c",
            "binary_media_types": [],
            "body": null,
            "created_date": "2026-03-26T23:13:54Z",
            "description": "Serverless Task Management API",
            "disable_execute_api_endpoint": false,
            "endpoint_configuration": [
              {
                "ip_address_type": "ipv4",
                "types": [
                  "EDGE"
                ],
                "vpc_endpoint_ids": []
              }
            ],
            "execution_arn": "arn:aws:execute-api:us-east-1:807588263547:7y4i2e9b9c",
            "fail_on_warnings": null,
            "id": "7y4i2e9b9c",
            "minimum_compression_size": "",
            "name": "serverless-task-api",
            "parameters": null,
            "policy": "",
            "put_rest_api_mode": null,
            "root_resource_id": "wm2m8g1cc4",
            "tags": null,
            "tags_all": {}
          },
          "sensitive_attributes": [],
          "private": "bnVsbA=="
        }
      ]
    },
    {
      "mode": "managed",
      "type": "aws_dynamodb_table",
      "name": "tasks",
      "provider": "provider[\"registry.terraform.io/hashicorp/aws\"]",
      "instances": [
        {
          "schema_version": 1,
          "attributes": {
            "arn": "arn:aws:dynamodb:us-east-1:807588263547:table/tasks",
            "attribute": [
              {
                "name": "task_id",
                "type": "S"
              }
            ],
            "billing_mode": "PAY_PER_REQUEST",
            "deletion_protection_enabled": false,
            "global_secondary_index": [],
            "hash_key": "task_id",
            "id": "tasks",
            "import_table": [],
            "local_secondary_index": [],
            "name": "tasks",
            "on_demand_throughput": [],
            "point_in_time_recovery": [
              {
                "enabled": false,
                "recovery_period_in_days": 0
              }
            ],
            "range_key": null,
            "read_capacity": 0,
            "replica": [],
            "restore_date_time": null,
            "restore_source_name": null,
            "restore_source_table_arn": null,
            "restore_to_latest_time": null,
            "server_side_encryption": [],
            "stream_arn": "",
            "stream_enabled": false,
            "stream_label": "",
            "stream_view_type": "",
            "table_class": "STANDARD",
            "tags": null,
            "tags_all": {},
            "timeouts": null,
            "ttl": [
              {
                "attribute_name": "",
                "enabled": false
              }
            ],
            "write_capacity": 0
          },
          "sensitive_attributes": [],
          "private": "eyJlMmJmYjczMC1lY2FhLTExZTYtOGY4OC0zNDM2M2JjN2M0YzAiOnsiY3JlYXRlIjoxODAwMDAwMDAwMDAwLCJkZWxldGUiOjYwMDAwMDAwMDAwMCwidXBkYXRlIjozNjAwMDAwMDAwMDAwfSwic2NoZW1hX3ZlcnNpb24iOiIxIn0="
        }
      ]
    },
    {
      "mode": "managed",
      "type": "aws_iam_role",
      "name": "lambda_role",
      "provider": "provider[\"registry.terraform.io/hashicorp/aws\"]",
      "instances": [
        {
          "schema_version": 0,
          "attributes": {
            "arn": "arn:aws:iam::807588263547:role/serverless-task-lambda-role",
            "assume_role_policy": "{\"Statement\":[{\"Action\":\"sts:AssumeRole\",\"Effect\":\"Allow\",\"Principal\":{\"Service\":\"lambda.amazonaws.com\"}}],\"Version\":\"2012-10-17\"}",
            "create_date": "2026-03-26T23:13:53Z",
            "description": "",
            "force_detach_policies": false,
            "id": "serverless-task-lambda-role",
            "inline_policy": [],
            "managed_policy_arns": [],
            "max_session_duration": 3600,
            "name": "serverless-task-lambda-role",
            "name_prefix": "",
            "path": "/",
            "permissions_boundary": "",
            "tags": null,
            "tags_all": {},
            "unique_id": "AROA3YCAC6Z543LEGL6RJ"
          },
          "sensitive_attributes": [],
          "private": "bnVsbA=="
        }
      ]
    },
    {
      "mode": "managed",
      "type": "aws_iam_role_policy_attachment",
      "name": "lambda_dynamodb",
      "provider": "provider[\"registry.terraform.io/hashicorp/aws\"]",
      "instances": [
        {
          "schema_version": 0,
          "attributes": {
            "id": "serverless-task-lambda-role-20260326231354455300000002",
            "policy_arn": "arn:aws:iam::aws:policy/AmazonDynamoDBFullAccess",
            "role": "serverless-task-lambda-role"
          },
          "sensitive_attributes": [],
          "private": "bnVsbA==",
          "dependencies": [
            "aws_iam_role.lambda_role"
          ]
        }
      ]
    },
    {
      "mode": "managed",
      "type": "aws_iam_role_policy_attachment",
      "name": "lambda_logs",
      "provider": "provider[\"registry.terraform.io/hashicorp/aws\"]",
      "instances": [
        {
          "schema_version": 0,
          "attributes": {
            "id": "serverless-task-lambda-role-20260326231354299300000001",
            "policy_arn": "arn:aws:iam::aws:policy/service-role/AWSLambdaBasicExecutionRole",
            "role": "serverless-task-lambda-role"
          },
          "sensitive_attributes": [],
          "private": "bnVsbA==",
          "dependencies": [
            "aws_iam_role.lambda_role"
          ]
        }
      ]
    },
    {
      "mode": "managed",
      "type": "aws_lambda_function",
      "name": "create_task",
      "provider": "provider[\"registry.terraform.io/hashicorp/aws\"]",
      "instances": [
        {
          "schema_version": 0,
          "attributes": {
            "architectures": [
              "x86_64"
            ],
            "arn": "arn:aws:lambda:us-east-1:807588263547:function:create-task",
            "code_sha256": "7XgOeWDhKgENYug6818YU+y4CoMlybtxqnN8ajXAxis=",
            "code_signing_config_arn": "",
            "dead_letter_config": [],
            "description": "",
            "environment": [],
            "ephemeral_storage": [
              {
                "size": 512
              }
            ],
            "file_system_config": [],
            "filename": "./../lambdas/create_task/lambda_function.zip",
            "function_name": "create-task",
            "handler": "lambda_function.lambda_handler",
            "id": "create-task",
            "image_config": [],
            "image_uri": "",
            "invoke_arn": "arn:aws:apigateway:us-east-1:lambda:path/2015-03-31/functions/arn:aws:lambda:us-east-1:807588263547:function:create-task/invocations",
            "kms_key_arn": "",
            "last_modified": "2026-03-26T23:14:15.087+0000",
            "layers": null,
            "logging_config": [
              {
                "application_log_level": "",
                "log_format": "Text",
                "log_group": "/aws/lambda/create-task",
                "system_log_level": ""
              }
            ],
            "memory_size": 128,
            "package_type": "Zip",
            "publish": false,
            "qualified_arn": "arn:aws:lambda:us-east-1:807588263547:function:create-task:$LATEST",
            "qualified_invoke_arn": "arn:aws:apigateway:us-east-1:lambda:path/2015-03-31/functions/arn:aws:lambda:us-east-1:807588263547:function:create-task:$LATEST/invocations",
            "replace_security_groups_on_destroy": null,
            "replacement_security_group_ids": null,
            "reserved_concurrent_executions": -1,
            "role": "arn:aws:iam::807588263547:role/serverless-task-lambda-role",
            "runtime": "python3.12",
            "s3_bucket": null,
            "s3_key": null,
            "s3_object_version": null,
            "signing_job_arn": "",
            "signing_profile_version_arn": "",
            "skip_destroy": false,
            "snap_start": [],
            "source_code_hash": "7XgOeWDhKgENYug6818YU+y4CoMlybtxqnN8ajXAxis=",
            "source_code_size": 508,
            "tags": null,
            "tags_all": {},
            "timeout": 3,
            "timeouts": null,
            "tracing_config": [
              {
                "mode": "PassThrough"
              }
            ],
            "version": "$LATEST",
            "vpc_config": []
          },
          "sensitive_attributes": [],
          "private": "eyJlMmJmYjczMC1lY2FhLTExZTYtOGY4OC0zNDM2M2JjN2M0YzAiOnsiY3JlYXRlIjo2MDAwMDAwMDAwMDAsImRlbGV0ZSI6NjAwMDAwMDAwMDAwLCJ1cGRhdGUiOjYwMDAwMDAwMDAwMH19",
          "dependencies": [
            "aws_iam_role.lambda_role",
            "data.archive_file.create_task"
          ]
        }
      ]
    },
    {
      "mode": "managed",
      "type": "aws_lambda_function",
      "name": "delete_task",
      "provider": "provider[\"registry.terraform.io/hashicorp/aws\"]",
      "instances": [
        {
          "schema_version": 0,
          "attributes": {
            "architectures": [
              "x86_64"
            ],
            "arn": "arn:aws:lambda:us-east-1:807588263547:function:delete-task",
            "code_sha256": "b0ySzUv2zUiOc6CyuBm2WSf0PbTyhWQ4ujTsMB+bAXw=",
            "code_signing_config_arn": "",
            "dead_letter_config": [],
            "description": "",
            "environment": [],
            "ephemeral_storage": [
              {
                "size": 512
              }
            ],
            "file_system_config": [],
            "filename": "./../lambdas/delete_task/lambda_function.zip",
            "function_name": "delete-task",
            "handler": "lambda_function.lambda_handler",
            "id": "delete-task",
            "image_config": [],
            "image_uri": "",
            "invoke_arn": "arn:aws:apigateway:us-east-1:lambda:path/2015-03-31/functions/arn:aws:lambda:us-east-1:807588263547:function:delete-task/invocations",
            "kms_key_arn": "",
            "last_modified": "2026-03-26T23:14:21.190+0000",
            "layers": null,
            "logging_config": [
              {
                "application_log_level": "",
                "log_format": "Text",
                "log_group": "/aws/lambda/delete-task",
                "system_log_level": ""
              }
            ],
            "memory_size": 128,
            "package_type": "Zip",
            "publish": false,
            "qualified_arn": "arn:aws:lambda:us-east-1:807588263547:function:delete-task:$LATEST",
            "qualified_invoke_arn": "arn:aws:apigateway:us-east-1:lambda:path/2015-03-31/functions/arn:aws:lambda:us-east-1:807588263547:function:delete-task:$LATEST/invocations",
            "replace_security_groups_on_destroy": null,
            "replacement_security_group_ids": null,
            "reserved_concurrent_executions": -1,
            "role": "arn:aws:iam::807588263547:role/serverless-task-lambda-role",
            "runtime": "python3.12",
            "s3_bucket": null,
            "s3_key": null,
            "s3_object_version": null,
            "signing_job_arn": "",
            "signing_profile_version_arn": "",
            "skip_destroy": false,
            "snap_start": [],
            "source_code_hash": "b0ySzUv2zUiOc6CyuBm2WSf0PbTyhWQ4ujTsMB+bAXw=",
            "source_code_size": 424,
            "tags": null,
            "tags_all": {},
            "timeout": 3,
            "timeouts": null,
            "tracing_config": [
              {
                "mode": "PassThrough"
              }
            ],
            "version": "$LATEST",
            "vpc_config": []
          },
          "sensitive_attributes": [],
          "private": "eyJlMmJmYjczMC1lY2FhLTExZTYtOGY4OC0zNDM2M2JjN2M0YzAiOnsiY3JlYXRlIjo2MDAwMDAwMDAwMDAsImRlbGV0ZSI6NjAwMDAwMDAwMDAwLCJ1cGRhdGUiOjYwMDAwMDAwMDAwMH19",
          "dependencies": [
            "aws_iam_role.lambda_role",
            "data.archive_file.delete_task"
          ]
        }
      ]
    },
    {
      "mode": "managed",
      "type": "aws_lambda_function",
      "name": "get_tasks",
      "provider": "provider[\"registry.terraform.io/hashicorp/aws\"]",
      "instances": [
        {
          "schema_version": 0,
          "attributes": {
            "architectures": [
              "x86_64"
            ],
            "arn": "arn:aws:lambda:us-east-1:807588263547:function:get-tasks",
            "code_sha256": "WXz7C3599Uei0tSaXseCN5UYAnA2XdkAMSC6WV8fT9Q=",
            "code_signing_config_arn": "",
            "dead_letter_config": [],
            "description": "",
            "environment": [],
            "ephemeral_storage": [
              {
                "size": 512
              }
            ],
            "file_system_config": [],
            "filename": "./../lambdas/get_tasks/lambda_function.zip",
            "function_name": "get-tasks",
            "handler": "lambda_function.lambda_handler",
            "id": "get-tasks",
            "image_config": [],
            "image_uri": "",
            "invoke_arn": "arn:aws:apigateway:us-east-1:lambda:path/2015-03-31/functions/arn:aws:lambda:us-east-1:807588263547:function:get-tasks/invocations",
            "kms_key_arn": "",
            "last_modified": "2026-03-26T23:14:09.126+0000",
            "layers": null,
            "logging_config": [
              {
                "application_log_level": "",
                "log_format": "Text",
                "log_group": "/aws/lambda/get-tasks",
                "system_log_level": ""
              }
            ],
            "memory_size": 128,
            "package_type": "Zip",
            "publish": false,
            "qualified_arn": "arn:aws:lambda:us-east-1:807588263547:function:get-tasks:$LATEST",
            "qualified_invoke_arn": "arn:aws:apigateway:us-east-1:lambda:path/2015-03-31/functions/arn:aws:lambda:us-east-1:807588263547:function:get-tasks:$LATEST/invocations",
            "replace_security_groups_on_destroy": null,
            "replacement_security_group_ids": null,
            "reserved_concurrent_executions": -1,
            "role": "arn:aws:iam::807588263547:role/serverless-task-lambda-role",
            "runtime": "python3.12",
            "s3_bucket": null,
            "s3_key": null,
            "s3_object_version": null,
            "signing_job_arn": "",
            "signing_profile_version_arn": "",
            "skip_destroy": false,
            "snap_start": [],
            "source_code_hash": "WXz7C3599Uei0tSaXseCN5UYAnA2XdkAMSC6WV8fT9Q=",
            "source_code_size": 372,
            "tags": null,
            "tags_all": {},
            "timeout": 3,
            "timeouts": null,
            "tracing_config": [
              {
                "mode": "PassThrough"
              }
            ],
            "version": "$LATEST",
            "vpc_config": []
          },
          "sensitive_attributes": [],
          "private": "eyJlMmJmYjczMC1lY2FhLTExZTYtOGY4OC0zNDM2M2JjN2M0YzAiOnsiY3JlYXRlIjo2MDAwMDAwMDAwMDAsImRlbGV0ZSI6NjAwMDAwMDAwMDAwLCJ1cGRhdGUiOjYwMDAwMDAwMDAwMH19",
          "dependencies": [
            "aws_iam_role.lambda_role",
            "data.archive_file.get_tasks"
          ]
        }
      ]
    },
    {
      "mode": "managed",
      "type": "aws_lambda_function",
      "name": "update_task",
      "provider": "provider[\"registry.terraform.io/hashicorp/aws\"]",
      "instances": [
        {
          "schema_version": 0,
          "attributes": {
            "architectures": [
              "x86_64"
            ],
            "arn": "arn:aws:lambda:us-east-1:807588263547:function:update-task",
            "code_sha256": "v8ybq0p7wsSu7vU6DOzZeIAMs4CTprCmU19KYU0VZCg=",
            "code_signing_config_arn": "",
            "dead_letter_config": [],
            "description": "",
            "environment": [],
            "ephemeral_storage": [
              {
                "size": 512
              }
            ],
            "file_system_config": [],
            "filename": "./../lambdas/update_task/lambda_function.zip",
            "function_name": "update-task",
            "handler": "lambda_function.lambda_handler",
            "id": "update-task",
            "image_config": [],
            "image_uri": "",
            "invoke_arn": "arn:aws:apigateway:us-east-1:lambda:path/2015-03-31/functions/arn:aws:lambda:us-east-1:807588263547:function:update-task/invocations",
            "kms_key_arn": "",
            "last_modified": "2026-03-26T23:14:03.141+0000",
            "layers": null,
            "logging_config": [
              {
                "application_log_level": "",
                "log_format": "Text",
                "log_group": "/aws/lambda/update-task",
                "system_log_level": ""
              }
            ],
            "memory_size": 128,
            "package_type": "Zip",
            "publish": false,
            "qualified_arn": "arn:aws:lambda:us-east-1:807588263547:function:update-task:$LATEST",
            "qualified_invoke_arn": "arn:aws:apigateway:us-east-1:lambda:path/2015-03-31/functions/arn:aws:lambda:us-east-1:807588263547:function:update-task:$LATEST/invocations",
            "replace_security_groups_on_destroy": null,
            "replacement_security_group_ids": null,
            "reserved_concurrent_executions": -1,
            "role": "arn:aws:iam::807588263547:role/serverless-task-lambda-role",
            "runtime": "python3.12",
            "s3_bucket": null,
            "s3_key": null,
            "s3_object_version": null,
            "signing_job_arn": "",
            "signing_profile_version_arn": "",
            "skip_destroy": false,
            "snap_start": [],
            "source_code_hash": "v8ybq0p7wsSu7vU6DOzZeIAMs4CTprCmU19KYU0VZCg=",
            "source_code_size": 579,
            "tags": null,
            "tags_all": {},
            "timeout": 3,
            "timeouts": null,
            "tracing_config": [
              {
                "mode": "PassThrough"
              }
            ],
            "version": "$LATEST",
            "vpc_config": []
          },
          "sensitive_attributes": [],
          "private": "eyJlMmJmYjczMC1lY2FhLTExZTYtOGY4OC0zNDM2M2JjN2M0YzAiOnsiY3JlYXRlIjo2MDAwMDAwMDAwMDAsImRlbGV0ZSI6NjAwMDAwMDAwMDAwLCJ1cGRhdGUiOjYwMDAwMDAwMDAwMH19",
          "dependencies": [
            "aws_iam_role.lambda_role",
            "data.archive_file.update_task"
          ]
        }
      ]
    }
  ],
  "check_results": null
}
